
Microsoft Visual Studio Solution File, Format Version 12.00
# Visual Studio Version 17
VisualStudioVersion = 17.14.36429.23
MinimumVisualStudioVersion = 10.0.40219.1
Project("{FAE04EC0-301F-11D3-BF4B-00C04F79EFBC}") = "AirCompany.Domain", "AirCompany.Domain\AirCompany.Domain.csproj", "{FC9676E1-FE31-4286-8492-916DD8DE28C7}"
EndProject
Project("{FAE04EC0-301F-11D3-BF4B-00C04F79EFBC}") = "AirCompany.Tests", "AirCompany.Tests\AirCompany.Tests.csproj", "{EA22D89F-B7AD-4A27-ACC7-0F10EF8441B4}"
EndProject
Project("{FAE04EC0-301F-11D3-BF4B-00C04F79EFBC}") = "AirCompany.Infrastructure.EfCore", "AirCompany.Infrastructure.EfCore\AirCompany.Infrastructure.EfCore.csproj", "{0DF0C34E-5C0D-421A-9FFC-0F6191A8B30B}"
EndProject
Project("{FAE04EC0-301F-11D3-BF4B-00C04F79EFBC}") = "AirCompany.Application.Contracts", "AirCompany.Application.Contracts\AirCompany.Application.Contracts.csproj", "{0C60717A-B3AD-4C70-BBD5-C97751EAFA01}"
EndProject
Project("{FAE04EC0-301F-11D3-BF4B-00C04F79EFBC}") = "AirCompany.AppHost", "AirCompany.AppHost\AirCompany.AppHost.csproj", "{F44411F5-F874-4A72-A1EE-570DAF68CA8D}"
EndProject
Project("{FAE04EC0-301F-11D3-BF4B-00C04F79EFBC}") = "AirCompany.ServiceDefaults", "AirCompany.ServiceDefaults\AirCompany.ServiceDefaults.csproj", "{0E2E5517-3ACD-4C9F-B817-5D85B5455A58}"
EndProject
Project("{FAE04EC0-301F-11D3-BF4B-00C04F79EFBC}") = "AirCompany.Api.Host", "AirCompany.Api.Host\AirCompany.Api.Host.csproj", "{00CF3063-6798-479B-B4AF-E9D06F98679C}"
EndProject
Project("{FAE04EC0-301F-11D3-BF4B-00C04F79EFBC}") = "AirCompany.Application", "AirCompany.Application\AirCompany.Application.csproj", "{2924CD2C-B35E-41B5-A1CE-975F6AA97714}"
EndProject
Global
	GlobalSection(SolutionConfigurationPlatforms) = preSolution
		Debug|Any CPU = Debug|Any CPU
		Release|Any CPU = Release|Any CPU
	EndGlobalSection
	GlobalSection(ProjectConfigurationPlatforms) = postSolution
		{FC9676E1-FE31-4286-8492-916DD8DE28C7}.Debug|Any CPU.ActiveCfg = Debug|Any CPU
		{FC9676E1-FE31-4286-8492-916DD8DE28C7}.Debug|Any CPU.Build.0 = Debug|Any CPU
		{FC9676E1-FE31-4286-8492-916DD8DE28C7}.Release|Any CPU.ActiveCfg = Release|Any CPU
		{FC9676E1-FE31-4286-8492-916DD8DE28C7}.Release|Any CPU.Build.0 = Release|Any CPU
		{EA22D89F-B7AD-4A27-ACC7-0F10EF8441B4}.Debug|Any CPU.ActiveCfg = Debug|Any CPU
		{EA22D89F-B7AD-4A27-ACC7-0F10EF8441B4}.Debug|Any CPU.Build.0 = Debug|Any CPU
		{EA22D89F-B7AD-4A27-ACC7-0F10EF8441B4}.Release|Any CPU.ActiveCfg = Release|Any CPU
		{EA22D89F-B7AD-4A27-ACC7-0F10EF8441B4}.Release|Any CPU.Build.0 = Release|Any CPU
		{0DF0C34E-5C0D-421A-9FFC-0F6191A8B30B}.Debug|Any CPU.ActiveCfg = Debug|Any CPU
		{0DF0C34E-5C0D-421A-9FFC-0F6191A8B30B}.Debug|Any CPU.Build.0 = Debug|Any CPU
		{0DF0C34E-5C0D-421A-9FFC-0F6191A8B30B}.Release|Any CPU.ActiveCfg = Release|Any CPU
		{0DF0C34E-5C0D-421A-9FFC-0F6191A8B30B}.Release|Any CPU.Build.0 = Release|Any CPU
		{0C60717A-B3AD-4C70-BBD5-C97751EAFA01}.Debug|Any CPU.ActiveCfg = Debug|Any CPU
		{0C60717A-B3AD-4C70-BBD5-C97751EAFA01}.Debug|Any CPU.Build.0 = Debug|Any CPU
		{0C60717A-B3AD-4C70-BBD5-C97751EAFA01}.Release|Any CPU.ActiveCfg = Release|Any CPU
		{0C60717A-B3AD-4C70-BBD5-C97751EAFA01}.Release|Any CPU.Build.0 = Release|Any CPU
		{F44411F5-F874-4A72-A1EE-570DAF68CA8D}.Debug|Any CPU.ActiveCfg = Debug|Any CPU
		{F44411F5-F874-4A72-A1EE-570DAF68CA8D}.Debug|Any CPU.Build.0 = Debug|Any CPU
		{F44411F5-F874-4A72-A1EE-570DAF68CA8D}.Release|Any CPU.ActiveCfg = Release|Any CPU
		{F44411F5-F874-4A72-A1EE-570DAF68CA8D}.Release|Any CPU.Build.0 = Release|Any CPU
		{0E2E5517-3ACD-4C9F-B817-5D85B5455A58}.Debug|Any CPU.ActiveCfg = Debug|Any CPU
		{0E2E5517-3ACD-4C9F-B817-5D85B5455A58}.Debug|Any CPU.Build.0 = Debug|Any CPU
		{0E2E5517-3ACD-4C9F-B817-5D85B5455A58}.Release|Any CPU.ActiveCfg = Release|Any CPU
		{0E2E5517-3ACD-4C9F-B817-5D85B5455A58}.Release|Any CPU.Build.0 = Release|Any CPU
		{00CF3063-6798-479B-B4AF-E9D06F98679C}.Debug|Any CPU.ActiveCfg = Debug|Any CPU
		{00CF3063-6798-479B-B4AF-E9D06F98679C}.Debug|Any CPU.Build.0 = Debug|Any CPU
		{00CF3063-6798-479B-B4AF-E9D06F98679C}.Release|Any CPU.ActiveCfg = Release|Any CPU
		{00CF3063-6798-479B-B4AF-E9D06F98679C}.Release|Any CPU.Build.0 = Release|Any CPU
		{2924CD2C-B35E-41B5-A1CE-975F6AA97714}.Debug|Any CPU.ActiveCfg = Debug|Any CPU
		{2924CD2C-B35E-41B5-A1CE-975F6AA97714}.Debug|Any CPU.Build.0 = Debug|Any CPU
		{2924CD2C-B35E-41B5-A1CE-975F6AA97714}.Release|Any CPU.ActiveCfg = Release|Any CPU
		{2924CD2C-B35E-41B5-A1CE-975F6AA97714}.Release|Any CPU.Build.0 = Release|Any CPU
	EndGlobalSection
	GlobalSection(SolutionProperties) = preSolution
		HideSolutionNode = FALSE
	EndGlobalSection
	GlobalSection(ExtensibilityGlobals) = postSolution
		SolutionGuid = {4DC0AAAF-85E9-49E8-A06B-4AAABB669D22}
	EndGlobalSection
EndGlobal
