
Microsoft Visual Studio Solution File, Format Version 12.00
# Visual Studio Version 17
VisualStudioVersion = 17.14.36429.23
MinimumVisualStudioVersion = 10.0.40219.1
Project("{FAE04EC0-301F-11D3-BF4B-00C04F79EFBC}") = "AirCompany.Domain", "AirCompany.Domain\AirCompany.Domain.csproj", "{FC9676E1-FE31-4286-8492-916DD8DE28C7}"
EndProject
Project("{FAE04EC0-301F-11D3-BF4B-00C04F79EFBC}") = "AirCompany.Tests", "AirCompany.Tests\AirCompany.Tests.csproj", "{EA22D89F-B7AD-4A27-ACC7-0F10EF8441B4}"
EndProject
Project("{FAE04EC0-301F-11D3-BF4B-00C04F79EFBC}") = "AirCompany.Application.Contracts", "AirCompany.Application.Contracts\AirCompany.Application.Contracts.csproj", "{0C60717A-B3AD-4C70-BBD5-C97751EAFA01}"
EndProject
Project("{FAE04EC0-301F-11D3-BF4B-00C04F79EFBC}") = "AirCompany.Application", "AirCompany.Application\AirCompany.Application.csproj", "{2924CD2C-B35E-41B5-A1CE-975F6AA97714}"
EndProject
Project("{FAE04EC0-301F-11D3-BF4B-00C04F79EFBC}") = "AirCompany.AppHost", "AirCompany.AppHost\AirCompany.AppHost.csproj", "{5BEE7FCC-DAEC-4517-A0F9-3956C2793A13}"
EndProject
Project("{FAE04EC0-301F-11D3-BF4B-00C04F79EFBC}") = "AirCompany.ServiceDefaults", "AirCompany.ServiceDefaults\AirCompany.ServiceDefaults.csproj", "{2674518C-B40D-4FA9-ACC0-B2B6B72F8A70}"
EndProject
Project("{FAE04EC0-301F-11D3-BF4B-00C04F79EFBC}") = "AirCompany.Api.Host", "AirCompany.Api.Host\AirCompany.Api.Host.csproj", "{64B61728-38CC-4B83-AB13-CBAF547200EB}"
EndProject
Project("{FAE04EC0-301F-11D3-BF4B-00C04F79EFBC}") = "AirCompany.Infrastructure.EfCore", "AirCompany.Infrastructure.EfCore\AirCompany.Infrastructure.EfCore.csproj", "{895B541F-35BE-4266-BA45-5F2F917F17B8}"
EndProject
Project("{FAE04EC0-301F-11D3-BF4B-00C04F79EFBC}") = "AirCompany.Generator.Nats.Host", "AirCompany.Generator.Nats.Host\AirCompany.Generator.Nats.Host.csproj", "{19155B00-1993-40D4-A5CA-6847C5A157BC}"
EndProject
Project("{FAE04EC0-301F-11D3-BF4B-00C04F79EFBC}") = "AirCompany.Infrastructure.Nats", "AirCompany.Infrastructure.Nats\AirCompany.Infrastructure.Nats.csproj", "{9226098B-6D3A-4A28-BA0C-01F66EC56CE5}"
EndProject
Global
	GlobalSection(SolutionConfigurationPlatforms) = preSolution
		Debug|Any CPU = Debug|Any CPU
		Debug|x64 = Debug|x64
		Debug|x86 = Debug|x86
		Release|Any CPU = Release|Any CPU
		Release|x64 = Release|x64
		Release|x86 = Release|x86
	EndGlobalSection
	GlobalSection(ProjectConfigurationPlatforms) = postSolution
		{FC9676E1-FE31-4286-8492-916DD8DE28C7}.Debug|Any CPU.ActiveCfg = Debug|Any CPU
		{FC9676E1-FE31-4286-8492-916DD8DE28C7}.Debug|Any CPU.Build.0 = Debug|Any CPU
		{FC9676E1-FE31-4286-8492-916DD8DE28C7}.Debug|x64.ActiveCfg = Debug|Any CPU
		{FC9676E1-FE31-4286-8492-916DD8DE28C7}.Debug|x64.Build.0 = Debug|Any CPU
		{FC9676E1-FE31-4286-8492-916DD8DE28C7}.Debug|x86.ActiveCfg = Debug|Any CPU
		{FC9676E1-FE31-4286-8492-916DD8DE28C7}.Debug|x86.Build.0 = Debug|Any CPU
		{FC9676E1-FE31-4286-8492-916DD8DE28C7}.Release|Any CPU.ActiveCfg = Release|Any CPU
		{FC9676E1-FE31-4286-8492-916DD8DE28C7}.Release|Any CPU.Build.0 = Release|Any CPU
		{FC9676E1-FE31-4286-8492-916DD8DE28C7}.Release|x64.ActiveCfg = Release|Any CPU
		{FC9676E1-FE31-4286-8492-916DD8DE28C7}.Release|x64.Build.0 = Release|Any CPU
		{FC9676E1-FE31-4286-8492-916DD8DE28C7}.Release|x86.ActiveCfg = Release|Any CPU
		{FC9676E1-FE31-4286-8492-916DD8DE28C7}.Release|x86.Build.0 = Release|Any CPU
		{EA22D89F-B7AD-4A27-ACC7-0F10EF8441B4}.Debug|Any CPU.ActiveCfg = Debug|Any CPU
		{EA22D89F-B7AD-4A27-ACC7-0F10EF8441B4}.Debug|Any CPU.Build.0 = Debug|Any CPU
		{EA22D89F-B7AD-4A27-ACC7-0F10EF8441B4}.Debug|x64.ActiveCfg = Debug|Any CPU
		{EA22D89F-B7AD-4A27-ACC7-0F10EF8441B4}.Debug|x64.Build.0 = Debug|Any CPU
		{EA22D89F-B7AD-4A27-ACC7-0F10EF8441B4}.Debug|x86.ActiveCfg = Debug|Any CPU
		{EA22D89F-B7AD-4A27-ACC7-0F10EF8441B4}.Debug|x86.Build.0 = Debug|Any CPU
		{EA22D89F-B7AD-4A27-ACC7-0F10EF8441B4}.Release|Any CPU.ActiveCfg = Release|Any CPU
		{EA22D89F-B7AD-4A27-ACC7-0F10EF8441B4}.Release|Any CPU.Build.0 = Release|Any CPU
		{EA22D89F-B7AD-4A27-ACC7-0F10EF8441B4}.Release|x64.ActiveCfg = Release|Any CPU
		{EA22D89F-B7AD-4A27-ACC7-0F10EF8441B4}.Release|x64.Build.0 = Release|Any CPU
		{EA22D89F-B7AD-4A27-ACC7-0F10EF8441B4}.Release|x86.ActiveCfg = Release|Any CPU
		{EA22D89F-B7AD-4A27-ACC7-0F10EF8441B4}.Release|x86.Build.0 = Release|Any CPU
		{0C60717A-B3AD-4C70-BBD5-C97751EAFA01}.Debug|Any CPU.ActiveCfg = Debug|Any CPU
		{0C60717A-B3AD-4C70-BBD5-C97751EAFA01}.Debug|Any CPU.Build.0 = Debug|Any CPU
		{0C60717A-B3AD-4C70-BBD5-C97751EAFA01}.Debug|x64.ActiveCfg = Debug|Any CPU
		{0C60717A-B3AD-4C70-BBD5-C97751EAFA01}.Debug|x64.Build.0 = Debug|Any CPU
		{0C60717A-B3AD-4C70-BBD5-C97751EAFA01}.Debug|x86.ActiveCfg = Debug|Any CPU
		{0C60717A-B3AD-4C70-BBD5-C97751EAFA01}.Debug|x86.Build.0 = Debug|Any CPU
		{0C60717A-B3AD-4C70-BBD5-C97751EAFA01}.Release|Any CPU.ActiveCfg = Release|Any CPU
		{0C60717A-B3AD-4C70-BBD5-C97751EAFA01}.Release|Any CPU.Build.0 = Release|Any CPU
		{0C60717A-B3AD-4C70-BBD5-C97751EAFA01}.Release|x64.ActiveCfg = Release|Any CPU
		{0C60717A-B3AD-4C70-BBD5-C97751EAFA01}.Release|x64.Build.0 = Release|Any CPU
		{0C60717A-B3AD-4C70-BBD5-C97751EAFA01}.Release|x86.ActiveCfg = Release|Any CPU
		{0C60717A-B3AD-4C70-BBD5-C97751EAFA01}.Release|x86.Build.0 = Release|Any CPU
		{2924CD2C-B35E-41B5-A1CE-975F6AA97714}.Debug|Any CPU.ActiveCfg = Debug|Any CPU
		{2924CD2C-B35E-41B5-A1CE-975F6AA97714}.Debug|Any CPU.Build.0 = Debug|Any CPU
		{2924CD2C-B35E-41B5-A1CE-975F6AA97714}.Debug|x64.ActiveCfg = Debug|Any CPU
		{2924CD2C-B35E-41B5-A1CE-975F6AA97714}.Debug|x64.Build.0 = Debug|Any CPU
		{2924CD2C-B35E-41B5-A1CE-975F6AA97714}.Debug|x86.ActiveCfg = Debug|Any CPU
		{2924CD2C-B35E-41B5-A1CE-975F6AA97714}.Debug|x86.Build.0 = Debug|Any CPU
		{2924CD2C-B35E-41B5-A1CE-975F6AA97714}.Release|Any CPU.ActiveCfg = Release|Any CPU
		{2924CD2C-B35E-41B5-A1CE-975F6AA97714}.Release|Any CPU.Build.0 = Release|Any CPU
		{2924CD2C-B35E-41B5-A1CE-975F6AA97714}.Release|x64.ActiveCfg = Release|Any CPU
		{2924CD2C-B35E-41B5-A1CE-975F6AA97714}.Release|x64.Build.0 = Release|Any CPU
		{2924CD2C-B35E-41B5-A1CE-975F6AA97714}.Release|x86.ActiveCfg = Release|Any CPU
		{2924CD2C-B35E-41B5-A1CE-975F6AA97714}.Release|x86.Build.0 = Release|Any CPU
		{5BEE7FCC-DAEC-4517-A0F9-3956C2793A13}.Debug|Any CPU.ActiveCfg = Debug|Any CPU
		{5BEE7FCC-DAEC-4517-A0F9-3956C2793A13}.Debug|Any CPU.Build.0 = Debug|Any CPU
		{5BEE7FCC-DAEC-4517-A0F9-3956C2793A13}.Debug|x64.ActiveCfg = Debug|Any CPU
		{5BEE7FCC-DAEC-4517-A0F9-3956C2793A13}.Debug|x64.Build.0 = Debug|Any CPU
		{5BEE7FCC-DAEC-4517-A0F9-3956C2793A13}.Debug|x86.ActiveCfg = Debug|Any CPU
		{5BEE7FCC-DAEC-4517-A0F9-3956C2793A13}.Debug|x86.Build.0 = Debug|Any CPU
		{5BEE7FCC-DAEC-4517-A0F9-3956C2793A13}.Release|Any CPU.ActiveCfg = Release|Any CPU
		{5BEE7FCC-DAEC-4517-A0F9-3956C2793A13}.Release|Any CPU.Build.0 = Release|Any CPU
		{5BEE7FCC-DAEC-4517-A0F9-3956C2793A13}.Release|x64.ActiveCfg = Release|Any CPU
		{5BEE7FCC-DAEC-4517-A0F9-3956C2793A13}.Release|x64.Build.0 = Release|Any CPU
		{5BEE7FCC-DAEC-4517-A0F9-3956C2793A13}.Release|x86.ActiveCfg = Release|Any CPU
		{5BEE7FCC-DAEC-4517-A0F9-3956C2793A13}.Release|x86.Build.0 = Release|Any CPU
		{2674518C-B40D-4FA9-ACC0-B2B6B72F8A70}.Debug|Any CPU.ActiveCfg = Debug|Any CPU
		{2674518C-B40D-4FA9-ACC0-B2B6B72F8A70}.Debug|Any CPU.Build.0 = Debug|Any CPU
		{2674518C-B40D-4FA9-ACC0-B2B6B72F8A70}.Debug|x64.ActiveCfg = Debug|Any CPU
		{2674518C-B40D-4FA9-ACC0-B2B6B72F8A70}.Debug|x64.Build.0 = Debug|Any CPU
		{2674518C-B40D-4FA9-ACC0-B2B6B72F8A70}.Debug|x86.ActiveCfg = Debug|Any CPU
		{2674518C-B40D-4FA9-ACC0-B2B6B72F8A70}.Debug|x86.Build.0 = Debug|Any CPU
		{2674518C-B40D-4FA9-ACC0-B2B6B72F8A70}.Release|Any CPU.ActiveCfg = Release|Any CPU
		{2674518C-B40D-4FA9-ACC0-B2B6B72F8A70}.Release|Any CPU.Build.0 = Release|Any CPU
		{2674518C-B40D-4FA9-ACC0-B2B6B72F8A70}.Release|x64.ActiveCfg = Release|Any CPU
		{2674518C-B40D-4FA9-ACC0-B2B6B72F8A70}.Release|x64.Build.0 = Release|Any CPU
		{2674518C-B40D-4FA9-ACC0-B2B6B72F8A70}.Release|x86.ActiveCfg = Release|Any CPU
		{2674518C-B40D-4FA9-ACC0-B2B6B72F8A70}.Release|x86.Build.0 = Release|Any CPU
		{64B61728-38CC-4B83-AB13-CBAF547200EB}.Debug|Any CPU.ActiveCfg = Debug|Any CPU
		{64B61728-38CC-4B83-AB13-CBAF547200EB}.Debug|Any CPU.Build.0 = Debug|Any CPU
		{64B61728-38CC-4B83-AB13-CBAF547200EB}.Debug|x64.ActiveCfg = Debug|Any CPU
		{64B61728-38CC-4B83-AB13-CBAF547200EB}.Debug|x64.Build.0 = Debug|Any CPU
		{64B61728-38CC-4B83-AB13-CBAF547200EB}.Debug|x86.ActiveCfg = Debug|Any CPU
		{64B61728-38CC-4B83-AB13-CBAF547200EB}.Debug|x86.Build.0 = Debug|Any CPU
		{64B61728-38CC-4B83-AB13-CBAF547200EB}.Release|Any CPU.ActiveCfg = Release|Any CPU
		{64B61728-38CC-4B83-AB13-CBAF547200EB}.Release|Any CPU.Build.0 = Release|Any CPU
		{64B61728-38CC-4B83-AB13-CBAF547200EB}.Release|x64.ActiveCfg = Release|Any CPU
		{64B61728-38CC-4B83-AB13-CBAF547200EB}.Release|x64.Build.0 = Release|Any CPU
		{64B61728-38CC-4B83-AB13-CBAF547200EB}.Release|x86.ActiveCfg = Release|Any CPU
		{64B61728-38CC-4B83-AB13-CBAF547200EB}.Release|x86.Build.0 = Release|Any CPU
		{895B541F-35BE-4266-BA45-5F2F917F17B8}.Debug|Any CPU.ActiveCfg = Debug|Any CPU
		{895B541F-35BE-4266-BA45-5F2F917F17B8}.Debug|Any CPU.Build.0 = Debug|Any CPU
		{895B541F-35BE-4266-BA45-5F2F917F17B8}.Debug|x64.ActiveCfg = Debug|Any CPU
		{895B541F-35BE-4266-BA45-5F2F917F17B8}.Debug|x64.Build.0 = Debug|Any CPU
		{895B541F-35BE-4266-BA45-5F2F917F17B8}.Debug|x86.ActiveCfg = Debug|Any CPU
		{895B541F-35BE-4266-BA45-5F2F917F17B8}.Debug|x86.Build.0 = Debug|Any CPU
		{895B541F-35BE-4266-BA45-5F2F917F17B8}.Release|Any CPU.ActiveCfg = Release|Any CPU
		{895B541F-35BE-4266-BA45-5F2F917F17B8}.Release|Any CPU.Build.0 = Release|Any CPU
		{895B541F-35BE-4266-BA45-5F2F917F17B8}.Release|x64.ActiveCfg = Release|Any CPU
		{895B541F-35BE-4266-BA45-5F2F917F17B8}.Release|x64.Build.0 = Release|Any CPU
		{895B541F-35BE-4266-BA45-5F2F917F17B8}.Release|x86.ActiveCfg = Release|Any CPU
		{895B541F-35BE-4266-BA45-5F2F917F17B8}.Release|x86.Build.0 = Release|Any CPU
		{19155B00-1993-40D4-A5CA-6847C5A157BC}.Debug|Any CPU.ActiveCfg = Debug|Any CPU
		{19155B00-1993-40D4-A5CA-6847C5A157BC}.Debug|Any CPU.Build.0 = Debug|Any CPU
		{19155B00-1993-40D4-A5CA-6847C5A157BC}.Debug|x64.ActiveCfg = Debug|Any CPU
		{19155B00-1993-40D4-A5CA-6847C5A157BC}.Debug|x64.Build.0 = Debug|Any CPU
		{19155B00-1993-40D4-A5CA-6847C5A157BC}.Debug|x86.ActiveCfg = Debug|Any CPU
		{19155B00-1993-40D4-A5CA-6847C5A157BC}.Debug|x86.Build.0 = Debug|Any CPU
		{19155B00-1993-40D4-A5CA-6847C5A157BC}.Release|Any CPU.ActiveCfg = Release|Any CPU
		{19155B00-1993-40D4-A5CA-6847C5A157BC}.Release|Any CPU.Build.0 = Release|Any CPU
		{19155B00-1993-40D4-A5CA-6847C5A157BC}.Release|x64.ActiveCfg = Release|Any CPU
		{19155B00-1993-40D4-A5CA-6847C5A157BC}.Release|x64.Build.0 = Release|Any CPU
		{19155B00-1993-40D4-A5CA-6847C5A157BC}.Release|x86.ActiveCfg = Release|Any CPU
		{19155B00-1993-40D4-A5CA-6847C5A157BC}.Release|x86.Build.0 = Release|Any CPU
		{9226098B-6D3A-4A28-BA0C-01F66EC56CE5}.Debug|Any CPU.ActiveCfg = Debug|Any CPU
		{9226098B-6D3A-4A28-BA0C-01F66EC56CE5}.Debug|Any CPU.Build.0 = Debug|Any CPU
		{9226098B-6D3A-4A28-BA0C-01F66EC56CE5}.Debug|x64.ActiveCfg = Debug|Any CPU
		{9226098B-6D3A-4A28-BA0C-01F66EC56CE5}.Debug|x64.Build.0 = Debug|Any CPU
		{9226098B-6D3A-4A28-BA0C-01F66EC56CE5}.Debug|x86.ActiveCfg = Debug|Any CPU
		{9226098B-6D3A-4A28-BA0C-01F66EC56CE5}.Debug|x86.Build.0 = Debug|Any CPU
		{9226098B-6D3A-4A28-BA0C-01F66EC56CE5}.Release|Any CPU.ActiveCfg = Release|Any CPU
		{9226098B-6D3A-4A28-BA0C-01F66EC56CE5}.Release|Any CPU.Build.0 = Release|Any CPU
		{9226098B-6D3A-4A28-BA0C-01F66EC56CE5}.Release|x64.ActiveCfg = Release|Any CPU
		{9226098B-6D3A-4A28-BA0C-01F66EC56CE5}.Release|x64.Build.0 = Release|Any CPU
		{9226098B-6D3A-4A28-BA0C-01F66EC56CE5}.Release|x86.ActiveCfg = Release|Any CPU
		{9226098B-6D3A-4A28-BA0C-01F66EC56CE5}.Release|x86.Build.0 = Release|Any CPU
	EndGlobalSection
	GlobalSection(SolutionProperties) = preSolution
		HideSolutionNode = FALSE
	EndGlobalSection
	GlobalSection(ExtensibilityGlobals) = postSolution
		SolutionGuid = {4DC0AAAF-85E9-49E8-A06B-4AAABB669D22}
	EndGlobalSection
EndGlobal
